<?xml version="1.0" encoding="utf-8"?>
<Project ToolsVersion="4.0" xmlns="http://schemas.microsoft.com/developer/msbuild/2003">
  <ItemGroup>
    <Filter Include="Source Files">
      <UniqueIdentifier>{4FC737F1-C7A5-4376-A066-2A32D752A2FF}</UniqueIdentifier>
      <Extensions>cpp;c;cc;cxx;c++;cppm;ixx;def;odl;idl;hpj;bat;asm;asmx</Extensions>
    </Filter>
    <Filter Include="Header Files">
      <UniqueIdentifier>{93995380-89BD-4b04-88EB-625FBE52EBFB}</UniqueIdentifier>
      <Extensions>h;hh;hpp;hxx;h++;hm;inl;inc;ipp;xsd</Extensions>
    </Filter>
    <Filter Include="Resource Files">
      <UniqueIdentifier>{67DA6AB6-F800-4c08-8B7A-83BB121AAD01}</UniqueIdentifier>
      <Extensions>rc;ico;cur;bmp;dlg;rc2;rct;bin;rgs;gif;jpg;jpeg;jpe;resx;tiff;tif;png;wav;mfcribbon-ms;mp3;ogg</Extensions>
    </Filter>
    <Filter Include="Shader Files">
      <UniqueIdentifier>{ba958b34-6b71-4a0b-a175-cf2ecf2e33d8}</UniqueIdentifier>
      <Extensions>hlsl;</Extensions>
    </Filter>
  </ItemGroup>
  <ItemGroup>
    <ClCompile Include="main.cpp">
      <Filter>Source Files</Filter>
    </ClCompile>
    <ClCompile Include="debug_ostream.cpp">
      <Filter>Source Files</Filter>
    </ClCompile>
    <ClCompile Include="game_window.cpp">
      <Filter>Source Files</Filter>
    </ClCompile>
    <ClCompile Include="direct3d.cpp">
      <Filter>Source Files</Filter>
    </ClCompile>
    <ClCompile Include="polygon.cpp">
      <Filter>Source Files</Filter>
    </ClCompile>
    <ClCompile Include="shader.cpp">
      <Filter>Source Files</Filter>
    </ClCompile>
    <ClCompile Include="sprite.cpp">
      <Filter>Source Files</Filter>
    </ClCompile>
    <ClCompile Include="texture.cpp">
      <Filter>Source Files</Filter>
    </ClCompile>
    <ClCompile Include="sprite_anime.cpp">
      <Filter>Source Files</Filter>
    </ClCompile>
    <ClCompile Include="system_timer.cpp">
      <Filter>Source Files</Filter>
    </ClCompile>
    <ClCompile Include="WICTextureLoader11.cpp">
      <Filter>Source Files</Filter>
    </ClCompile>
    <ClCompile Include="debug_text.cpp">
      <Filter>Source Files</Filter>
    </ClCompile>
    <ClCompile Include="mouse.cpp">
      <Filter>Source Files</Filter>
    </ClCompile>
    <ClCompile Include="keyboard.cpp">
      <Filter>Source Files</Filter>
    </ClCompile>
    <ClCompile Include="key_logger.cpp">
      <Filter>Source Files</Filter>
    </ClCompile>
    <ClCompile Include="game.cpp">
      <Filter>Source Files</Filter>
    </ClCompile>
    <ClCompile Include="collision.cpp">
      <Filter>Source Files</Filter>
    </ClCompile>
    <ClCompile Include="effect.cpp">
      <Filter>Source Files</Filter>
    </ClCompile>
    <ClCompile Include="Audio.cpp">
      <Filter>Source Files</Filter>
    </ClCompile>
    <ClCompile Include="score.cpp">
      <Filter>Source Files</Filter>
    </ClCompile>
    <ClCompile Include="fade.cpp">
      <Filter>Source Files</Filter>
    </ClCompile>
    <ClCompile Include="scene.cpp">
      <Filter>Source Files</Filter>
    </ClCompile>
    <ClCompile Include="title.cpp">
      <Filter>Source Files</Filter>
    </ClCompile>
    <ClCompile Include="cube.cpp">
      <Filter>Source Files</Filter>
    </ClCompile>
    <ClCompile Include="shader_3d.cpp">
      <Filter>Source Files</Filter>
    </ClCompile>
    <ClCompile Include="grid.cpp">
      <Filter>Source Files</Filter>
    </ClCompile>
    <ClCompile Include="camera.cpp">
      <Filter>Source Files</Filter>
    </ClCompile>
    <ClCompile Include="circle.cpp">
      <Filter>Source Files</Filter>
    </ClCompile>
    <ClCompile Include="sampler.cpp">
      <Filter>Source Files</Filter>
    </ClCompile>
    <ClCompile Include="mesh_field.cpp">
      <Filter>Source Files</Filter>
    </ClCompile>
    <ClCompile Include="shader_field.cpp">
      <Filter>Source Files</Filter>
    </ClCompile>
    <ClCompile Include="light.cpp">
      <Filter>Source Files</Filter>
    </ClCompile>
  </ItemGroup>
  <ItemGroup>
    <ClInclude Include="game_window.h">
      <Filter>Header Files</Filter>
    </ClInclude>
    <ClInclude Include="direct3d.h">
      <Filter>Header Files</Filter>
    </ClInclude>
    <ClInclude Include="shader.h">
      <Filter>Header Files</Filter>
    </ClInclude>
    <ClInclude Include="polygon.h">
      <Filter>Header Files</Filter>
    </ClInclude>
    <ClInclude Include="sprite.h">
      <Filter>Header Files</Filter>
    </ClInclude>
    <ClInclude Include="texture.h">
      <Filter>Header Files</Filter>
    </ClInclude>
    <ClInclude Include="sprite_anime.h">
      <Filter>Header Files</Filter>
    </ClInclude>
    <ClInclude Include="system_timer.h">
      <Filter>Header Files</Filter>
    </ClInclude>
    <ClInclude Include="WICTextureLoader11.h">
      <Filter>Header Files</Filter>
    </ClInclude>
    <ClInclude Include="debug_text.h">
      <Filter>Header Files</Filter>
    </ClInclude>
    <ClInclude Include="mouse.h">
      <Filter>Header Files</Filter>
    </ClInclude>
    <ClInclude Include="keyboard.h">
      <Filter>Header Files</Filter>
    </ClInclude>
    <ClInclude Include="key_logger.h">
      <Filter>Header Files</Filter>
    </ClInclude>
    <ClInclude Include="game.h">
      <Filter>Header Files</Filter>
    </ClInclude>
    <ClInclude Include="collision.h">
      <Filter>Header Files</Filter>
    </ClInclude>
    <ClInclude Include="effect.h">
      <Filter>Header Files</Filter>
    </ClInclude>
    <ClInclude Include="Audio.h">
      <Filter>Header Files</Filter>
    </ClInclude>
    <ClInclude Include="score.h">
      <Filter>Header Files</Filter>
    </ClInclude>
    <ClInclude Include="scene.h">
      <Filter>Header Files</Filter>
    </ClInclude>
    <ClInclude Include="title.h">
      <Filter>Header Files</Filter>
    </ClInclude>
    <ClInclude Include="fade.h">
      <Filter>Header Files</Filter>
    </ClInclude>
    <ClInclude Include="cube.h">
      <Filter>Header Files</Filter>
    </ClInclude>
    <ClInclude Include="shader_3d.h">
      <Filter>Header Files</Filter>
    </ClInclude>
    <ClInclude Include="grid.h">
      <Filter>Header Files</Filter>
    </ClInclude>
    <ClInclude Include="camera.h">
      <Filter>Header Files</Filter>
    </ClInclude>
    <ClInclude Include="circle.h">
      <Filter>Header Files</Filter>
    </ClInclude>
    <ClInclude Include="sampler.h">
      <Filter>Header Files</Filter>
    </ClInclude>
    <ClInclude Include="debug_imgui.h">
      <Filter>Header Files</Filter>
    </ClInclude>
    <ClInclude Include="mesh_field.h">
      <Filter>Header Files</Filter>
    </ClInclude>
    <ClInclude Include="shader_field.h">
      <Filter>Header Files</Filter>
    </ClInclude>
    <ClInclude Include="light.h">
      <Filter>Header Files</Filter>
    </ClInclude>
  </ItemGroup>
  <ItemGroup>
    <FxCompile Include="shader_pixel_2d.hlsl">
      <Filter>Shader Files</Filter>
    </FxCompile>
    <FxCompile Include="shader_vertex_2d.hlsl">
      <Filter>Shader Files</Filter>
    </FxCompile>
    <FxCompile Include="shader_pixel_3d.hlsl">
      <Filter>Shader Files</Filter>
    </FxCompile>
    <FxCompile Include="shader_vertex_3d.hlsl">
      <Filter>Shader Files</Filter>
    </FxCompile>
    <FxCompile Include="shader_pixel_field.hlsl">
      <Filter>Shader Files</Filter>
    </FxCompile>
  </ItemGroup>
  <ItemGroup>
    <None Include="ascii_texture_generator.py" />
  </ItemGroup>
  <ItemGroup>
    <Image Include="resource\texture\consolab_ascii_512.png">
      <Filter>Resource Files</Filter>
    </Image>
    <Image Include="resource\texture\image.png">
      <Filter>Resource Files</Filter>
    </Image>
    <Image Include="resource\texture\knight.png">
      <Filter>Resource Files</Filter>
    </Image>
    <Image Include="resource\texture\runningman001.png">
      <Filter>Resource Files</Filter>
    </Image>
    <Image Include="resource\texture\black.png">
      <Filter>Resource Files</Filter>
    </Image>
    <Image Include="resource\texture\p1.png">
      <Filter>Resource Files</Filter>
    </Image>
    <Image Include="resource\texture\bg.png">
      <Filter>Resource Files</Filter>
    </Image>
    <Image Include="resource\texture\laser.png">
      <Filter>Resource Files</Filter>
    </Image>
    <Image Include="resource\texture\Enemy01.png">
      <Filter>Resource Files</Filter>
    </Image>
    <Image Include="resource\texture\Enemy02.png">
      <Filter>Resource Files</Filter>
    </Image>
    <Image Include="resource\texture\Explosion.png">
      <Filter>Resource Files</Filter>
    </Image>
    <Image Include="resource\texture\player_sprite.png">
      <Filter>Resource Files</Filter>
    </Image>
    <Image Include="resource\texture\engine_flame.png">
      <Filter>Resource Files</Filter>
    </Image>
    <Image Include="resource\texture\game_num_font.png">
      <Filter>Resource Files</Filter>
    </Image>
  </ItemGroup>
  <ItemGroup>
    <Media Include="resource\audio\bgm.wav">
      <Filter>Resource Files</Filter>
    </Media>
    <Media Include="resource\audio\se.wav">
      <Filter>Resource Files</Filter>
    </Media>
  </ItemGroup>
</Project>