<?xml version="1.0" encoding="utf-8"?>
<Project ToolsVersion="4.0" xmlns="http://schemas.microsoft.com/developer/msbuild/2003">
  <ItemGroup>
    <Filter Include="Source Files">
      <UniqueIdentifier>{4FC737F1-C7A5-4376-A066-2A32D752A2FF}</UniqueIdentifier>
      <Extensions>cpp;c;cc;cxx;c++;cppm;ixx;def;odl;idl;hpj;bat;asm;asmx</Extensions>
    </Filter>
    <Filter Include="Header Files">
      <UniqueIdentifier>{93995380-89BD-4b04-88EB-625FBE52EBFB}</UniqueIdentifier>
      <Extensions>h;hh;hpp;hxx;h++;hm;inl;inc;ipp;xsd</Extensions>
    </Filter>
    <Filter Include="Resource Files">
      <UniqueIdentifier>{67DA6AB6-F800-4c08-8B7A-83BB121AAD01}</UniqueIdentifier>
      <Extensions>rc;ico;cur;bmp;dlg;rc2;rct;bin;rgs;gif;jpg;jpeg;jpe;resx;tiff;tif;png;wav;mfcribbon-ms;mp3;ogg</Extensions>
    </Filter>
    <Filter Include="Shader Files">
      <UniqueIdentifier>{ba958b34-6b71-4a0b-a175-cf2ecf2e33d8}</UniqueIdentifier>
      <Extensions>hlsl;</Extensions>
    </Filter>
  </ItemGroup>
  <ItemGroup>
    <ClCompile Include="main.cpp">
      <Filter>Source Files</Filter>
    </ClCompile>
    <ClCompile Include="Core\debug_ostream.cpp">
      <Filter>Source Files</Filter>
    </ClCompile>
    <ClCompile Include="Core\game_window.cpp">
      <Filter>Source Files</Filter>
    </ClCompile>
    <ClCompile Include="Core\direct3d.cpp">
      <Filter>Source Files</Filter>
    </ClCompile>
    <ClCompile Include="Graphics\polygon.cpp">
      <Filter>Source Files</Filter>
    </ClCompile>
    <ClCompile Include="Graphics\shader.cpp">
      <Filter>Source Files</Filter>
    </ClCompile>
    <ClCompile Include="Graphics\sprite.cpp">
      <Filter>Source Files</Filter>
    </ClCompile>
    <ClCompile Include="Graphics\texture.cpp">
      <Filter>Source Files</Filter>
    </ClCompile>
    <ClCompile Include="Graphics\sprite_anime.cpp">
      <Filter>Source Files</Filter>
    </ClCompile>
    <ClCompile Include="Core\system_timer.cpp">
      <Filter>Source Files</Filter>
    </ClCompile>
    <ClCompile Include="Graphics\WICTextureLoader11.cpp">
      <Filter>Source Files</Filter>
    </ClCompile>
    <ClCompile Include="Core\debug_text.cpp">
      <Filter>Source Files</Filter>
    </ClCompile>
    <ClCompile Include="Core\mouse.cpp">
      <Filter>Source Files</Filter>
    </ClCompile>
    <ClCompile Include="Core\keyboard.cpp">
      <Filter>Source Files</Filter>
    </ClCompile>
    <ClCompile Include="Core\key_logger.cpp">
      <Filter>Source Files</Filter>
    </ClCompile>
    <ClCompile Include="Game\game.cpp">
      <Filter>Source Files</Filter>
    </ClCompile>
    <ClCompile Include="Graphics\effect.cpp">
      <Filter>Source Files</Filter>
    </ClCompile>
    <ClCompile Include="Game\Audio.cpp">
      <Filter>Source Files</Filter>
    </ClCompile>
    <ClCompile Include="Game\score.cpp">
      <Filter>Source Files</Filter>
    </ClCompile>
    <ClCompile Include="Graphics\fade.cpp">
      <Filter>Source Files</Filter>
    </ClCompile>
    <ClCompile Include="Game\scene.cpp">
      <Filter>Source Files</Filter>
    </ClCompile>
    <ClCompile Include="Game\title.cpp">
      <Filter>Source Files</Filter>
    </ClCompile>
    <ClCompile Include="Graphics\cube.cpp">
      <Filter>Source Files</Filter>
    </ClCompile>
    <ClCompile Include="Graphics\shader_3d.cpp">
      <Filter>Source Files</Filter>
    </ClCompile>
    <ClCompile Include="Game\grid.cpp">
      <Filter>Source Files</Filter>
    </ClCompile>
    <ClCompile Include="Graphics\camera.cpp">
      <Filter>Source Files</Filter>
    </ClCompile>
    <ClCompile Include="Graphics\sampler.cpp">
      <Filter>Source Files</Filter>
    </ClCompile>
    <ClCompile Include="Graphics\mesh_field.cpp">
      <Filter>Source Files</Filter>
    </ClCompile>
    <ClCompile Include="Graphics\shader_field.cpp">
      <Filter>Source Files</Filter>
    </ClCompile>
    <ClCompile Include="Graphics\light.cpp">
      <Filter>Source Files</Filter>
    </ClCompile>
    <ClCompile Include="Graphics\model.cpp">
      <Filter>Source Files</Filter>
    </ClCompile>
    <ClCompile Include="Game\player.cpp">
      <Filter>Source Files</Filter>
    </ClCompile>
    <ClCompile Include="Game\player_cam_tps.cpp">
      <Filter>Source Files</Filter>
    </ClCompile>
    <ClCompile Include="Game\map.cpp">
      <Filter>Source Files</Filter>
    </ClCompile>
    <ClCompile Include="Game\infinite_grid.cpp">
      <Filter>Source Files</Filter>
    </ClCompile>
    <ClCompile Include="Graphics\shader_infinite.cpp">
      <Filter>Source Files</Filter>
    </ClCompile>
    <ClCompile Include="Graphics\model_ani.cpp">
      <Filter>Source Files</Filter>
    </ClCompile>
    <ClCompile Include="Graphics\shader_3d_ani.cpp">
      <Filter>Source Files</Filter>
    </ClCompile>
    <ClCompile Include="Game\player_cam_fps.cpp">
      <Filter>Source Files</Filter>
    </ClCompile>
    <ClCompile Include="Game\player_fps.cpp">
      <Filter>Source Files</Filter>
    </ClCompile>
    <ClCompile Include="Game\player_state_mechine.cpp">
      <Filter>Source Files</Filter>
    </ClCompile>
    <ClCompile Include="Graphics\animator.cpp">
      <Filter>Source Files</Filter>
    </ClCompile>
    <ClCompile Include="Core\ms_logger.cpp">
      <Filter>Source Files</Filter>
    </ClCompile>
    <ClCompile Include="Graphics\sky_dome.cpp">
      <Filter>Source Files</Filter>
    </ClCompile>
    <ClCompile Include="Graphics\shader_3d_unlit.cpp">
      <Filter>Source Files</Filter>
    </ClCompile>
    <ClCompile Include="Core\input_producer.cpp">
      <Filter>Source Files</Filter>
    </ClCompile>
    <ClCompile Include="Network\mock_network.cpp">
      <Filter>Source Files</Filter>
    </ClCompile>
    <ClCompile Include="Network\mock_server.cpp">
      <Filter>Source Files</Filter>
    </ClCompile>
    <ClCompile Include="Network\remote_player.cpp">
      <Filter>Source Files</Filter>
    </ClCompile>
    <ClCompile Include="Network\remote_player_state_machine.cpp">
      <Filter>Source Files</Filter>
    </ClCompile>
    <ClCompile Include="Game\collision.cpp">
      <Filter>Source Files</Filter>
    </ClCompile>
  </ItemGroup>
  <ItemGroup>
    <ClInclude Include="Core\game_window.h">
      <Filter>Header Files</Filter>
    </ClInclude>
    <ClInclude Include="Core\direct3d.h">
      <Filter>Header Files</Filter>
    </ClInclude>
    <ClInclude Include="Graphics\shader.h">
      <Filter>Header Files</Filter>
    </ClInclude>
    <ClInclude Include="Graphics\polygon.h">
      <Filter>Header Files</Filter>
    </ClInclude>
    <ClInclude Include="Graphics\sprite.h">
      <Filter>Header Files</Filter>
    </ClInclude>
    <ClInclude Include="Graphics\texture.h">
      <Filter>Header Files</Filter>
    </ClInclude>
    <ClInclude Include="Graphics\sprite_anime.h">
      <Filter>Header Files</Filter>
    </ClInclude>
    <ClInclude Include="Core\system_timer.h">
      <Filter>Header Files</Filter>
    </ClInclude>
    <ClInclude Include="Graphics\WICTextureLoader11.h">
      <Filter>Header Files</Filter>
    </ClInclude>
    <ClInclude Include="Core\debug_text.h">
      <Filter>Header Files</Filter>
    </ClInclude>
    <ClInclude Include="Core\mouse.h">
      <Filter>Header Files</Filter>
    </ClInclude>
    <ClInclude Include="Core\keyboard.h">
      <Filter>Header Files</Filter>
    </ClInclude>
    <ClInclude Include="Core\key_logger.h">
      <Filter>Header Files</Filter>
    </ClInclude>
    <ClInclude Include="Game\game.h">
      <Filter>Header Files</Filter>
    </ClInclude>
    <ClInclude Include="Graphics\effect.h">
      <Filter>Header Files</Filter>
    </ClInclude>
    <ClInclude Include="Game\Audio.h">
      <Filter>Header Files</Filter>
    </ClInclude>
    <ClInclude Include="Game\score.h">
      <Filter>Header Files</Filter>
    </ClInclude>
    <ClInclude Include="Game\scene.h">
      <Filter>Header Files</Filter>
    </ClInclude>
    <ClInclude Include="Game\title.h">
      <Filter>Header Files</Filter>
    </ClInclude>
    <ClInclude Include="Graphics\fade.h">
      <Filter>Header Files</Filter>
    </ClInclude>
    <ClInclude Include="Graphics\cube.h">
      <Filter>Header Files</Filter>
    </ClInclude>
    <ClInclude Include="Graphics\shader_3d.h">
      <Filter>Header Files</Filter>
    </ClInclude>
    <ClInclude Include="Game\grid.h">
      <Filter>Header Files</Filter>
    </ClInclude>
    <ClInclude Include="Graphics\camera.h">
      <Filter>Header Files</Filter>
    </ClInclude>
    <ClInclude Include="Graphics\sampler.h">
      <Filter>Header Files</Filter>
    </ClInclude>
    <ClInclude Include="Core\debug_imgui.h">
      <Filter>Header Files</Filter>
    </ClInclude>
    <ClInclude Include="Graphics\mesh_field.h">
      <Filter>Header Files</Filter>
    </ClInclude>
    <ClInclude Include="Graphics\shader_field.h">
      <Filter>Header Files</Filter>
    </ClInclude>
    <ClInclude Include="Graphics\light.h">
      <Filter>Header Files</Filter>
    </ClInclude>
    <ClInclude Include="Graphics\model.h">
      <Filter>Header Files</Filter>
    </ClInclude>
    <ClInclude Include="Game\player.h">
      <Filter>Header Files</Filter>
    </ClInclude>
    <ClInclude Include="Game\player_cam_tps.h">
      <Filter>Header Files</Filter>
    </ClInclude>
    <ClInclude Include="Game\map.h">
      <Filter>Header Files</Filter>
    </ClInclude>
    <ClInclude Include="Game\infinite_grid.h">
      <Filter>Header Files</Filter>
    </ClInclude>
    <ClInclude Include="Graphics\shader_infinite.h">
      <Filter>Header Files</Filter>
    </ClInclude>
    <ClInclude Include="Graphics\model_ani.h">
      <Filter>Header Files</Filter>
    </ClInclude>
    <ClInclude Include="Graphics\shader_3d_ani.h">
      <Filter>Header Files</Filter>
    </ClInclude>
    <ClInclude Include="Game\player_cam_fps.h">
      <Filter>Header Files</Filter>
    </ClInclude>
    <ClInclude Include="Game\player_fps.h">
      <Filter>Header Files</Filter>
    </ClInclude>
    <ClInclude Include="Game\player_state_mechine.h">
      <Filter>Header Files</Filter>
    </ClInclude>
    <ClInclude Include="Graphics\animator.h">
      <Filter>Header Files</Filter>
    </ClInclude>
    <ClInclude Include="Core\ms_logger.h">
      <Filter>Header Files</Filter>
    </ClInclude>
    <ClInclude Include="Graphics\sky_dome.h">
      <Filter>Header Files</Filter>
    </ClInclude>
    <ClInclude Include="Graphics\shader_3d_unlit.h">
      <Filter>Header Files</Filter>
    </ClInclude>
    <ClInclude Include="Core\input_producer.h">
      <Filter>Header Files</Filter>
    </ClInclude>
    <ClInclude Include="Network\mock_network.h">
      <Filter>Header Files</Filter>
    </ClInclude>
    <ClInclude Include="Network\mock_server.h">
      <Filter>Header Files</Filter>
    </ClInclude>
    <ClInclude Include="Network\net_common.h">
      <Filter>Header Files</Filter>
    </ClInclude>
    <ClInclude Include="Network\remote_player.h">
      <Filter>Header Files</Filter>
    </ClInclude>
    <ClInclude Include="Network\remote_player_state_machine.h">
      <Filter>Header Files</Filter>
    </ClInclude>
    <ClInclude Include="Game\collision.h">
      <Filter>Header Files</Filter>
    </ClInclude>
    <ClInclude Include="ThirdParty\enet\include\enet\enet.h">
      <Filter>Header Files</Filter>
    </ClInclude>
  </ItemGroup>
  <ItemGroup>
    <FxCompile Include="Shaders\shader_pixel_2d.hlsl">
      <Filter>Shader Files</Filter>
    </FxCompile>
    <FxCompile Include="Shaders\shader_vertex_2d.hlsl">
      <Filter>Shader Files</Filter>
    </FxCompile>
    <FxCompile Include="Shaders\shader_pixel_3d.hlsl">
      <Filter>Shader Files</Filter>
    </FxCompile>
    <FxCompile Include="Shaders\shader_vertex_3d.hlsl">
      <Filter>Shader Files</Filter>
    </FxCompile>
    <FxCompile Include="Shaders\shader_pixel_field.hlsl">
      <Filter>Shader Files</Filter>
    </FxCompile>
    <FxCompile Include="Shaders\shader_vertex_field.hlsl">
      <Filter>Shader Files</Filter>
    </FxCompile>
    <FxCompile Include="Shaders\infinite_grid_vertex.hlsl">
      <Filter>Shader Files</Filter>
    </FxCompile>
    <FxCompile Include="Shaders\infinite_grid_pixel.hlsl">
      <Filter>Shader Files</Filter>
    </FxCompile>
    <FxCompile Include="Shaders\shader_pixel_3d_ani.hlsl">
      <Filter>Shader Files</Filter>
    </FxCompile>
    <FxCompile Include="Shaders\shader_vertex_3d_ani.hlsl">
      <Filter>Shader Files</Filter>
    </FxCompile>
    <FxCompile Include="Shaders\shader_pixel_3dunlit.hlsl">
      <Filter>Shader Files</Filter>
    </FxCompile>
    <FxCompile Include="Shaders\shader_vertex_3dunlit.hlsl">
      <Filter>Shader Files</Filter>
    </FxCompile>
  </ItemGroup>
  <ItemGroup>
    <None Include="ascii_texture_generator.py" />
    <None Include="resource\model\sky.fbx">
      <Filter>Resource Files</Filter>
    </None>
    <None Include="DX_01.sln" />
  </ItemGroup>
  <ItemGroup>
    <Image Include="resource\texture\consolab_ascii_512.png">
      <Filter>Resource Files</Filter>
    </Image>
    <Image Include="resource\texture\knight.png">
      <Filter>Resource Files</Filter>
    </Image>
    <Image Include="resource\texture\runningman001.png">
      <Filter>Resource Files</Filter>
    </Image>
    <Image Include="resource\texture\black.png">
      <Filter>Resource Files</Filter>
    </Image>
  </ItemGroup>
  <ItemGroup>
    <Media Include="resource\audio\bgm.wav">
      <Filter>Resource Files</Filter>
    </Media>
    <Media Include="resource\audio\se.wav">
      <Filter>Resource Files</Filter>
    </Media>
  </ItemGroup>
  <ItemGroup>
    <Library Include="ThirdParty\enet\lib\enet.lib" />
  </ItemGroup>
</Project>